
Microsoft Visual Studio Solution File, Format Version 12.00
# Visual Studio 2012
Project("{FAE04EC0-301F-11D3-BF4B-00C04F79EFBC}") = "_17NSJ", "_17NSJ.Shared\_17NSJ.csproj", "{66CB8ECE-6AEB-4D88-92F9-01631DD31D03}"
EndProject
Project("{FAE04EC0-301F-11D3-BF4B-00C04F79EFBC}") = "_17NSJ.iOS", "_17NSJ.iOS\_17NSJ.iOS.csproj", "{E38D0FC9-0B24-46A5-B80F-B7D4387CE128}"
EndProject
Project("{FAE04EC0-301F-11D3-BF4B-00C04F79EFBC}") = "_17NSJ.Droid", "_17NSJ.Droid\_17NSJ.Droid.csproj", "{D62F9632-C595-4839-AD1B-A4C8F8087993}"
EndProject
Project("{FAE04EC0-301F-11D3-BF4B-00C04F79EFBC}") = "_17NSJ.UITests", "_17NSJ.UITests\_17NSJ.UITests.csproj", "{8415319A-56C5-4F09-B640-9DC4CED00FD2}"
EndProject
Global
	GlobalSection(SolutionConfigurationPlatforms) = preSolution
		Debug|Any CPU = Debug|Any CPU
		Release|Any CPU = Release|Any CPU
		Debug|iPhoneSimulator = Debug|iPhoneSimulator
		Release|iPhone = Release|iPhone
		Release|iPhoneSimulator = Release|iPhoneSimulator
		Debug|iPhone = Debug|iPhone
	EndGlobalSection
	GlobalSection(ProjectConfigurationPlatforms) = postSolution
		{66CB8ECE-6AEB-4D88-92F9-01631DD31D03}.Debug|Any CPU.ActiveCfg = Debug|Any CPU
		{66CB8ECE-6AEB-4D88-92F9-01631DD31D03}.Debug|Any CPU.Build.0 = Debug|Any CPU
		{66CB8ECE-6AEB-4D88-92F9-01631DD31D03}.Release|Any CPU.ActiveCfg = Release|Any CPU
		{66CB8ECE-6AEB-4D88-92F9-01631DD31D03}.Release|Any CPU.Build.0 = Release|Any CPU
		{66CB8ECE-6AEB-4D88-92F9-01631DD31D03}.Debug|iPhoneSimulator.ActiveCfg = Debug|Any CPU
		{66CB8ECE-6AEB-4D88-92F9-01631DD31D03}.Debug|iPhoneSimulator.Build.0 = Debug|Any CPU
		{66CB8ECE-6AEB-4D88-92F9-01631DD31D03}.Release|iPhone.ActiveCfg = Release|Any CPU
		{66CB8ECE-6AEB-4D88-92F9-01631DD31D03}.Release|iPhone.Build.0 = Release|Any CPU
		{66CB8ECE-6AEB-4D88-92F9-01631DD31D03}.Release|iPhoneSimulator.ActiveCfg = Release|Any CPU
		{66CB8ECE-6AEB-4D88-92F9-01631DD31D03}.Release|iPhoneSimulator.Build.0 = Release|Any CPU
		{66CB8ECE-6AEB-4D88-92F9-01631DD31D03}.Debug|iPhone.ActiveCfg = Debug|Any CPU
		{66CB8ECE-6AEB-4D88-92F9-01631DD31D03}.Debug|iPhone.Build.0 = Debug|Any CPU
		{E38D0FC9-0B24-46A5-B80F-B7D4387CE128}.Debug|Any CPU.ActiveCfg = Debug|iPhoneSimulator
		{E38D0FC9-0B24-46A5-B80F-B7D4387CE128}.Debug|Any CPU.Build.0 = Debug|iPhoneSimulator
		{E38D0FC9-0B24-46A5-B80F-B7D4387CE128}.Release|Any CPU.ActiveCfg = Release|iPhone
		{E38D0FC9-0B24-46A5-B80F-B7D4387CE128}.Release|Any CPU.Build.0 = Release|iPhone
		{E38D0FC9-0B24-46A5-B80F-B7D4387CE128}.Debug|iPhoneSimulator.ActiveCfg = Debug|iPhoneSimulator
		{E38D0FC9-0B24-46A5-B80F-B7D4387CE128}.Debug|iPhoneSimulator.Build.0 = Debug|iPhoneSimulator
		{E38D0FC9-0B24-46A5-B80F-B7D4387CE128}.Release|iPhone.ActiveCfg = Release|iPhone
		{E38D0FC9-0B24-46A5-B80F-B7D4387CE128}.Release|iPhone.Build.0 = Release|iPhone
		{E38D0FC9-0B24-46A5-B80F-B7D4387CE128}.Release|iPhoneSimulator.ActiveCfg = Release|iPhoneSimulator
		{E38D0FC9-0B24-46A5-B80F-B7D4387CE128}.Release|iPhoneSimulator.Build.0 = Release|iPhoneSimulator
		{E38D0FC9-0B24-46A5-B80F-B7D4387CE128}.Debug|iPhone.ActiveCfg = Debug|iPhone
		{E38D0FC9-0B24-46A5-B80F-B7D4387CE128}.Debug|iPhone.Build.0 = Debug|iPhone
		{D62F9632-C595-4839-AD1B-A4C8F8087993}.Debug|Any CPU.ActiveCfg = Debug|Any CPU
		{D62F9632-C595-4839-AD1B-A4C8F8087993}.Debug|Any CPU.Build.0 = Debug|Any CPU
		{D62F9632-C595-4839-AD1B-A4C8F8087993}.Release|Any CPU.ActiveCfg = Release|Any CPU
		{D62F9632-C595-4839-AD1B-A4C8F8087993}.Release|Any CPU.Build.0 = Release|Any CPU
		{D62F9632-C595-4839-AD1B-A4C8F8087993}.Debug|iPhoneSimulator.ActiveCfg = Debug|Any CPU
		{D62F9632-C595-4839-AD1B-A4C8F8087993}.Debug|iPhoneSimulator.Build.0 = Debug|Any CPU
		{D62F9632-C595-4839-AD1B-A4C8F8087993}.Release|iPhone.ActiveCfg = Release|Any CPU
		{D62F9632-C595-4839-AD1B-A4C8F8087993}.Release|iPhone.Build.0 = Release|Any CPU
		{D62F9632-C595-4839-AD1B-A4C8F8087993}.Release|iPhoneSimulator.ActiveCfg = Release|Any CPU
		{D62F9632-C595-4839-AD1B-A4C8F8087993}.Release|iPhoneSimulator.Build.0 = Release|Any CPU
		{D62F9632-C595-4839-AD1B-A4C8F8087993}.Debug|iPhone.ActiveCfg = Debug|Any CPU
		{D62F9632-C595-4839-AD1B-A4C8F8087993}.Debug|iPhone.Build.0 = Debug|Any CPU
		{8415319A-56C5-4F09-B640-9DC4CED00FD2}.Debug|Any CPU.ActiveCfg = Debug|Any CPU
		{8415319A-56C5-4F09-B640-9DC4CED00FD2}.Debug|Any CPU.Build.0 = Debug|Any CPU
		{8415319A-56C5-4F09-B640-9DC4CED00FD2}.Release|Any CPU.ActiveCfg = Release|Any CPU
		{8415319A-56C5-4F09-B640-9DC4CED00FD2}.Release|Any CPU.Build.0 = Release|Any CPU
		{8415319A-56C5-4F09-B640-9DC4CED00FD2}.Debug|iPhoneSimulator.ActiveCfg = Debug|Any CPU
		{8415319A-56C5-4F09-B640-9DC4CED00FD2}.Debug|iPhoneSimulator.Build.0 = Debug|Any CPU
		{8415319A-56C5-4F09-B640-9DC4CED00FD2}.Release|iPhone.ActiveCfg = Release|Any CPU
		{8415319A-56C5-4F09-B640-9DC4CED00FD2}.Release|iPhone.Build.0 = Release|Any CPU
		{8415319A-56C5-4F09-B640-9DC4CED00FD2}.Release|iPhoneSimulator.ActiveCfg = Release|Any CPU
		{8415319A-56C5-4F09-B640-9DC4CED00FD2}.Release|iPhoneSimulator.Build.0 = Release|Any CPU
		{8415319A-56C5-4F09-B640-9DC4CED00FD2}.Debug|iPhone.ActiveCfg = Debug|Any CPU
		{8415319A-56C5-4F09-B640-9DC4CED00FD2}.Debug|iPhone.Build.0 = Debug|Any CPU
	EndGlobalSection
EndGlobal
